# THIS IS AN AUTOGENERATED FILE. DO NOT EDIT THIS FILE DIRECTLY.
# yarn lockfile v1


"@babel/parser@^7.20.15", "@babel/parser@^7.21.3":
  version "7.22.10"
  resolved "https://registry.npmjs.org/@babel/parser/-/parser-7.22.10.tgz"

"@esbuild/android-arm64@0.18.20":
  version "0.18.20"
  resolved "https://registry.yarnpkg.com/@esbuild/android-arm64/-/android-arm64-0.18.20.tgz#984b4f9c8d0377443cc2dfcef266d02244593622"

"@esbuild/android-arm@0.18.20":
  version "0.18.20"
  resolved "https://registry.yarnpkg.com/@esbuild/android-arm/-/android-arm-0.18.20.tgz#fedb265bc3a589c84cc11f810804f234947c3682"

"@esbuild/android-x64@0.18.20":
  version "0.18.20"
  resolved "https://registry.yarnpkg.com/@esbuild/android-x64/-/android-x64-0.18.20.tgz#35cf419c4cfc8babe8893d296cd990e9e9f756f2"

"@esbuild/darwin-arm64@0.18.20":
  version "0.18.20"
  resolved "https://registry.yarnpkg.com/@esbuild/darwin-arm64/-/darwin-arm64-0.18.20.tgz#08172cbeccf95fbc383399a7f39cfbddaeb0d7c1"

"@esbuild/darwin-x64@0.18.20":
  version "0.18.20"
  resolved "https://registry.yarnpkg.com/@esbuild/darwin-x64/-/darwin-x64-0.18.20.tgz#d70d5790d8bf475556b67d0f8b7c5bdff053d85d"

"@esbuild/freebsd-arm64@0.18.20":
  version "0.18.20"
  resolved "https://registry.yarnpkg.com/@esbuild/freebsd-arm64/-/freebsd-arm64-0.18.20.tgz#98755cd12707f93f210e2494d6a4b51b96977f54"

"@esbuild/freebsd-x64@0.18.20":
  version "0.18.20"
  resolved "https://registry.yarnpkg.com/@esbuild/freebsd-x64/-/freebsd-x64-0.18.20.tgz#c1eb2bff03915f87c29cece4c1a7fa1f423b066e"

"@esbuild/linux-arm64@0.18.20":
  version "0.18.20"
  resolved "https://registry.yarnpkg.com/@esbuild/linux-arm64/-/linux-arm64-0.18.20.tgz#bad4238bd8f4fc25b5a021280c770ab5fc3a02a0"

"@esbuild/linux-arm@0.18.20":
  version "0.18.20"
  resolved "https://registry.yarnpkg.com/@esbuild/linux-arm/-/linux-arm-0.18.20.tgz#3e617c61f33508a27150ee417543c8ab5acc73b0"

"@esbuild/linux-ia32@0.18.20":
  version "0.18.20"
  resolved "https://registry.yarnpkg.com/@esbuild/linux-ia32/-/linux-ia32-0.18.20.tgz#699391cccba9aee6019b7f9892eb99219f1570a7"

"@esbuild/linux-loong64@0.18.20":
  version "0.18.20"
  resolved "https://registry.yarnpkg.com/@esbuild/linux-loong64/-/linux-loong64-0.18.20.tgz#e6fccb7aac178dd2ffb9860465ac89d7f23b977d"

"@esbuild/linux-mips64el@0.18.20":
  version "0.18.20"
  resolved "https://registry.yarnpkg.com/@esbuild/linux-mips64el/-/linux-mips64el-0.18.20.tgz#eeff3a937de9c2310de30622a957ad1bd9183231"

"@esbuild/linux-ppc64@0.18.20":
  version "0.18.20"
  resolved "https://registry.yarnpkg.com/@esbuild/linux-ppc64/-/linux-ppc64-0.18.20.tgz#2f7156bde20b01527993e6881435ad79ba9599fb"

"@esbuild/linux-riscv64@0.18.20":
  version "0.18.20"
  resolved "https://registry.yarnpkg.com/@esbuild/linux-riscv64/-/linux-riscv64-0.18.20.tgz#6628389f210123d8b4743045af8caa7d4ddfc7a6"

"@esbuild/linux-s390x@0.18.20":
  version "0.18.20"
  resolved "https://registry.yarnpkg.com/@esbuild/linux-s390x/-/linux-s390x-0.18.20.tgz#255e81fb289b101026131858ab99fba63dcf0071"

"@esbuild/linux-x64@0.18.20":
  version "0.18.20"
  resolved "https://registry.yarnpkg.com/@esbuild/linux-x64/-/linux-x64-0.18.20.tgz#c7690b3417af318a9b6f96df3031a8865176d338"

"@esbuild/netbsd-x64@0.18.20":
  version "0.18.20"
  resolved "https://registry.yarnpkg.com/@esbuild/netbsd-x64/-/netbsd-x64-0.18.20.tgz#30e8cd8a3dded63975e2df2438ca109601ebe0d1"

"@esbuild/openbsd-x64@0.18.20":
  version "0.18.20"
  resolved "https://registry.yarnpkg.com/@esbuild/openbsd-x64/-/openbsd-x64-0.18.20.tgz#7812af31b205055874c8082ea9cf9ab0da6217ae"

"@esbuild/sunos-x64@0.18.20":
  version "0.18.20"
  resolved "https://registry.yarnpkg.com/@esbuild/sunos-x64/-/sunos-x64-0.18.20.tgz#d5c275c3b4e73c9b0ecd38d1ca62c020f887ab9d"

"@esbuild/win32-arm64@0.18.20":
  version "0.18.20"
  resolved "https://registry.yarnpkg.com/@esbuild/win32-arm64/-/win32-arm64-0.18.20.tgz#73bc7f5a9f8a77805f357fab97f290d0e4820ac9"

"@esbuild/win32-ia32@0.18.20":
  version "0.18.20"
  resolved "https://registry.yarnpkg.com/@esbuild/win32-ia32/-/win32-ia32-0.18.20.tgz#ec93cbf0ef1085cc12e71e0d661d20569ff42102"

"@esbuild/win32-x64@0.18.20":
  version "0.18.20"
  resolved "https://registry.npmjs.org/@esbuild/win32-x64/-/win32-x64-0.18.20.tgz"

"@jridgewell/sourcemap-codec@^1.4.15":
  version "1.4.15"
  resolved "https://registry.npmjs.org/@jridgewell/sourcemap-codec/-/sourcemap-codec-1.4.15.tgz"

"@mdi/font@7.2.96":
  version "7.2.96"
  resolved "https://registry.npmjs.org/@mdi/font/-/font-7.2.96.tgz"

"@types/localforage@0.0.34":
  version "0.0.34"
  resolved "https://registry.npmjs.org/@types/localforage/-/localforage-0.0.34.tgz"
  dependencies:
    localforage "*"

"@vitejs/plugin-vue@^4.3.2":
  version "4.3.2"
  resolved "https://registry.npmjs.org/@vitejs/plugin-vue/-/plugin-vue-4.3.2.tgz"

"@vue/compiler-core@3.3.4":
  version "3.3.4"
  resolved "https://registry.npmjs.org/@vue/compiler-core/-/compiler-core-3.3.4.tgz"
  dependencies:
    "@babel/parser" "^7.21.3"
    "@vue/shared" "3.3.4"
    estree-walker "^2.0.2"
    source-map-js "^1.0.2"

"@vue/compiler-dom@3.3.4":
  version "3.3.4"
  resolved "https://registry.npmjs.org/@vue/compiler-dom/-/compiler-dom-3.3.4.tgz"
  dependencies:
    "@vue/compiler-core" "3.3.4"
    "@vue/shared" "3.3.4"

"@vue/compiler-sfc@3.3.4":
  version "3.3.4"
  resolved "https://registry.npmjs.org/@vue/compiler-sfc/-/compiler-sfc-3.3.4.tgz"
  dependencies:
    "@babel/parser" "^7.20.15"
    "@vue/compiler-core" "3.3.4"
    "@vue/compiler-dom" "3.3.4"
    "@vue/compiler-ssr" "3.3.4"
    "@vue/reactivity-transform" "3.3.4"
    "@vue/shared" "3.3.4"
    estree-walker "^2.0.2"
    magic-string "^0.30.0"
    postcss "^8.1.10"
    source-map-js "^1.0.2"

"@vue/compiler-ssr@3.3.4":
  version "3.3.4"
  resolved "https://registry.npmjs.org/@vue/compiler-ssr/-/compiler-ssr-3.3.4.tgz"
  dependencies:
    "@vue/compiler-dom" "3.3.4"
    "@vue/shared" "3.3.4"

"@vue/devtools-api@^6.5.0":
  version "6.5.0"
  resolved "https://registry.npmjs.org/@vue/devtools-api/-/devtools-api-6.5.0.tgz"

"@vue/reactivity-transform@3.3.4":
  version "3.3.4"
  resolved "https://registry.npmjs.org/@vue/reactivity-transform/-/reactivity-transform-3.3.4.tgz"
  dependencies:
    "@babel/parser" "^7.20.15"
    "@vue/compiler-core" "3.3.4"
    "@vue/shared" "3.3.4"
    estree-walker "^2.0.2"
    magic-string "^0.30.0"

"@vue/reactivity@3.3.4":
  version "3.3.4"
  resolved "https://registry.npmjs.org/@vue/reactivity/-/reactivity-3.3.4.tgz"
  dependencies:
    "@vue/shared" "3.3.4"

"@vue/runtime-core@3.3.4":
  version "3.3.4"
  resolved "https://registry.npmjs.org/@vue/runtime-core/-/runtime-core-3.3.4.tgz"
  dependencies:
    "@vue/reactivity" "3.3.4"
    "@vue/shared" "3.3.4"

"@vue/runtime-dom@3.3.4":
  version "3.3.4"
  resolved "https://registry.npmjs.org/@vue/runtime-dom/-/runtime-dom-3.3.4.tgz"
  dependencies:
    "@vue/runtime-core" "3.3.4"
    "@vue/shared" "3.3.4"
    csstype "^3.1.1"

"@vue/server-renderer@3.3.4":
  version "3.3.4"
  resolved "https://registry.npmjs.org/@vue/server-renderer/-/server-renderer-3.3.4.tgz"
  dependencies:
    "@vue/compiler-ssr" "3.3.4"
    "@vue/shared" "3.3.4"

"@vue/shared@3.3.4":
  version "3.3.4"
  resolved "https://registry.npmjs.org/@vue/shared/-/shared-3.3.4.tgz"

"@vuetify/loader-shared@^1.7.1":
  version "1.7.1"
  resolved "https://registry.npmjs.org/@vuetify/loader-shared/-/loader-shared-1.7.1.tgz"
  dependencies:
    find-cache-dir "^3.3.2"
    upath "^2.0.1"

"@xmldom/xmldom@^0.7.5":
  version "0.7.13"
  resolved "https://registry.npmjs.org/@xmldom/xmldom/-/xmldom-0.7.13.tgz"

commondir@^1.0.1:
  version "1.0.1"
  resolved "https://registry.npmjs.org/commondir/-/commondir-1.0.1.tgz"

core-js@^3.18.3:
  version "3.33.0"
  resolved "https://registry.npmjs.org/core-js/-/core-js-3.33.0.tgz"

core-util-is@~1.0.0:
  version "1.0.3"
  resolved "https://registry.npmjs.org/core-util-is/-/core-util-is-1.0.3.tgz"

csstype@^3.1.1:
  version "3.1.2"
  resolved "https://registry.npmjs.org/csstype/-/csstype-3.1.2.tgz"

d@1, d@^1.0.1:
  version "1.0.1"
  resolved "https://registry.npmjs.org/d/-/d-1.0.1.tgz"
  dependencies:
    es5-ext "^0.10.50"
    type "^1.0.1"

debug@^4.3.3:
  version "4.3.4"
  resolved "https://registry.npmjs.org/debug/-/debug-4.3.4.tgz"
  dependencies:
    ms "2.1.2"

epubjs@^0.3.93:
  version "0.3.93"
  resolved "https://registry.npmjs.org/epubjs/-/epubjs-0.3.93.tgz"
  dependencies:
    "@types/localforage" "0.0.34"
    "@xmldom/xmldom" "^0.7.5"
    core-js "^3.18.3"
    event-emitter "^0.3.5"
    jszip "^3.7.1"
    localforage "^1.10.0"
    lodash "^4.17.21"
    marks-pane "^1.0.9"
    path-webpack "0.0.3"

es5-ext@^0.10.35, es5-ext@^0.10.50, es5-ext@~0.10.14:
  version "0.10.62"
  resolved "https://registry.npmjs.org/es5-ext/-/es5-ext-0.10.62.tgz"
  dependencies:
    es6-iterator "^2.0.3"
    es6-symbol "^3.1.3"
    next-tick "^1.1.0"

es6-iterator@^2.0.3:
  version "2.0.3"
  resolved "https://registry.npmjs.org/es6-iterator/-/es6-iterator-2.0.3.tgz"
  dependencies:
    d "1"
    es5-ext "^0.10.35"
    es6-symbol "^3.1.1"

es6-symbol@^3.1.1, es6-symbol@^3.1.3:
  version "3.1.3"
  resolved "https://registry.npmjs.org/es6-symbol/-/es6-symbol-3.1.3.tgz"
  dependencies:
    d "^1.0.1"
    ext "^1.1.2"

esbuild@^0.18.10:
  version "0.18.20"
  resolved "https://registry.npmjs.org/esbuild/-/esbuild-0.18.20.tgz"
  optionalDependencies:
    "@esbuild/android-arm" "0.18.20"
    "@esbuild/android-arm64" "0.18.20"
    "@esbuild/android-x64" "0.18.20"
    "@esbuild/darwin-arm64" "0.18.20"
    "@esbuild/darwin-x64" "0.18.20"
    "@esbuild/freebsd-arm64" "0.18.20"
    "@esbuild/freebsd-x64" "0.18.20"
    "@esbuild/linux-arm" "0.18.20"
    "@esbuild/linux-arm64" "0.18.20"
    "@esbuild/linux-ia32" "0.18.20"
    "@esbuild/linux-loong64" "0.18.20"
    "@esbuild/linux-mips64el" "0.18.20"
    "@esbuild/linux-ppc64" "0.18.20"
    "@esbuild/linux-riscv64" "0.18.20"
    "@esbuild/linux-s390x" "0.18.20"
    "@esbuild/linux-x64" "0.18.20"
    "@esbuild/netbsd-x64" "0.18.20"
    "@esbuild/openbsd-x64" "0.18.20"
    "@esbuild/sunos-x64" "0.18.20"
    "@esbuild/win32-arm64" "0.18.20"
    "@esbuild/win32-ia32" "0.18.20"
    "@esbuild/win32-x64" "0.18.20"

estree-walker@^2.0.2:
  version "2.0.2"
  resolved "https://registry.npmjs.org/estree-walker/-/estree-walker-2.0.2.tgz"

event-emitter@^0.3.5:
  version "0.3.5"
  resolved "https://registry.npmjs.org/event-emitter/-/event-emitter-0.3.5.tgz"
  dependencies:
    d "1"
    es5-ext "~0.10.14"

ext@^1.1.2:
  version "1.7.0"
  resolved "https://registry.npmjs.org/ext/-/ext-1.7.0.tgz"
  dependencies:
    type "^2.7.2"

find-cache-dir@^3.3.2:
  version "3.3.2"
  resolved "https://registry.npmjs.org/find-cache-dir/-/find-cache-dir-3.3.2.tgz"
  dependencies:
    commondir "^1.0.1"
    make-dir "^3.0.2"
    pkg-dir "^4.1.0"

find-up@^4.0.0:
  version "4.1.0"
  resolved "https://registry.npmjs.org/find-up/-/find-up-4.1.0.tgz"
  dependencies:
    locate-path "^5.0.0"
    path-exists "^4.0.0"

fsevents@~2.3.2:
  version "2.3.3"
  resolved "https://registry.yarnpkg.com/fsevents/-/fsevents-2.3.3.tgz#cac6407785d03675a2a5e1a5305c697b347d90d6"

immediate@~3.0.5:
  version "3.0.6"
  resolved "https://registry.npmjs.org/immediate/-/immediate-3.0.6.tgz"

inherits@~2.0.3:
  version "2.0.4"
  resolved "https://registry.npmjs.org/inherits/-/inherits-2.0.4.tgz"

isarray@~1.0.0:
  version "1.0.0"
  resolved "https://registry.npmjs.org/isarray/-/isarray-1.0.0.tgz"

jszip@^3.7.1:
  version "3.10.1"
  resolved "https://registry.npmjs.org/jszip/-/jszip-3.10.1.tgz"
  dependencies:
    lie "~3.3.0"
    pako "~1.0.2"
    readable-stream "~2.3.6"
    setimmediate "^1.0.5"

lie@3.1.1:
  version "3.1.1"
  resolved "https://registry.npmjs.org/lie/-/lie-3.1.1.tgz"
  dependencies:
    immediate "~3.0.5"

lie@~3.3.0:
  version "3.3.0"
  resolved "https://registry.npmjs.org/lie/-/lie-3.3.0.tgz"
  dependencies:
    immediate "~3.0.5"

localforage@*, localforage@^1.10.0:
  version "1.10.0"
  resolved "https://registry.npmjs.org/localforage/-/localforage-1.10.0.tgz"
  dependencies:
    lie "3.1.1"

locate-path@^5.0.0:
  version "5.0.0"
  resolved "https://registry.npmjs.org/locate-path/-/locate-path-5.0.0.tgz"
  dependencies:
    p-locate "^4.1.0"

lodash@^4.17.21:
  version "4.17.21"
  resolved "https://registry.npmjs.org/lodash/-/lodash-4.17.21.tgz"

magic-string@^0.30.0:
  version "0.30.3"
  resolved "https://registry.npmjs.org/magic-string/-/magic-string-0.30.3.tgz"
  dependencies:
    "@jridgewell/sourcemap-codec" "^1.4.15"

make-dir@^3.0.2:
  version "3.1.0"
  resolved "https://registry.npmjs.org/make-dir/-/make-dir-3.1.0.tgz"
  dependencies:
    semver "^6.0.0"

marks-pane@^1.0.9:
  version "1.0.9"
  resolved "https://registry.npmjs.org/marks-pane/-/marks-pane-1.0.9.tgz"

ms@2.1.2:
  version "2.1.2"
  resolved "https://registry.npmjs.org/ms/-/ms-2.1.2.tgz"

nanoid@^3.3.6:
  version "3.3.6"
  resolved "https://registry.npmjs.org/nanoid/-/nanoid-3.3.6.tgz"

next-tick@^1.1.0:
  version "1.1.0"
  resolved "https://registry.npmjs.org/next-tick/-/next-tick-1.1.0.tgz"

p-limit@^2.2.0:
  version "2.3.0"
  resolved "https://registry.npmjs.org/p-limit/-/p-limit-2.3.0.tgz"
  dependencies:
    p-try "^2.0.0"

p-locate@^4.1.0:
  version "4.1.0"
  resolved "https://registry.npmjs.org/p-locate/-/p-locate-4.1.0.tgz"
  dependencies:
    p-limit "^2.2.0"

p-try@^2.0.0:
  version "2.2.0"
  resolved "https://registry.npmjs.org/p-try/-/p-try-2.2.0.tgz"

pako@~1.0.2:
  version "1.0.11"
  resolved "https://registry.npmjs.org/pako/-/pako-1.0.11.tgz"

path-exists@^4.0.0:
  version "4.0.0"
  resolved "https://registry.npmjs.org/path-exists/-/path-exists-4.0.0.tgz"

path-webpack@0.0.3:
  version "0.0.3"
  resolved "https://registry.npmjs.org/path-webpack/-/path-webpack-0.0.3.tgz"

picocolors@^1.0.0:
  version "1.0.0"
  resolved "https://registry.npmjs.org/picocolors/-/picocolors-1.0.0.tgz"

pkg-dir@^4.1.0:
  version "4.2.0"
  resolved "https://registry.npmjs.org/pkg-dir/-/pkg-dir-4.2.0.tgz"
  dependencies:
    find-up "^4.0.0"

postcss@^8.1.10, postcss@^8.4.27:
  version "8.4.31"
  resolved "https://registry.yarnpkg.com/postcss/-/postcss-8.4.31.tgz#92b451050a9f914da6755af352bdc0192508656d"
  dependencies:
    nanoid "^3.3.6"
    picocolors "^1.0.0"
    source-map-js "^1.0.2"

process-nextick-args@~2.0.0:
  version "2.0.1"
  resolved "https://registry.npmjs.org/process-nextick-args/-/process-nextick-args-2.0.1.tgz"

readable-stream@~2.3.6:
  version "2.3.8"
  resolved "https://registry.npmjs.org/readable-stream/-/readable-stream-2.3.8.tgz"
  dependencies:
    core-util-is "~1.0.0"
    inherits "~2.0.3"
    isarray "~1.0.0"
    process-nextick-args "~2.0.0"
    safe-buffer "~5.1.1"
    string_decoder "~1.1.1"
    util-deprecate "~1.0.1"

roboto-fontface@*:
  version "0.10.0"
  resolved "https://registry.npmjs.org/roboto-fontface/-/roboto-fontface-0.10.0.tgz"

rollup@^3.27.1:
  version "3.28.0"
  resolved "https://registry.npmjs.org/rollup/-/rollup-3.28.0.tgz"
  optionalDependencies:
    fsevents "~2.3.2"

safe-buffer@~5.1.0, safe-buffer@~5.1.1:
  version "5.1.2"
  resolved "https://registry.npmjs.org/safe-buffer/-/safe-buffer-5.1.2.tgz"

semver@^6.0.0, semver@^6.3.1:
  version "6.3.1"
  resolved "https://registry.npmjs.org/semver/-/semver-6.3.1.tgz"

setimmediate@^1.0.5:
  version "1.0.5"
  resolved "https://registry.npmjs.org/setimmediate/-/setimmediate-1.0.5.tgz"

source-map-js@^1.0.2:
  version "1.0.2"
  resolved "https://registry.npmjs.org/source-map-js/-/source-map-js-1.0.2.tgz"

string_decoder@~1.1.1:
  version "1.1.1"
  resolved "https://registry.npmjs.org/string_decoder/-/string_decoder-1.1.1.tgz"
  dependencies:
    safe-buffer "~5.1.0"

type@^1.0.1:
  version "1.2.0"
  resolved "https://registry.npmjs.org/type/-/type-1.2.0.tgz"

type@^2.7.2:
  version "2.7.2"
  resolved "https://registry.npmjs.org/type/-/type-2.7.2.tgz"

upath@^2.0.1:
  version "2.0.1"
  resolved "https://registry.npmjs.org/upath/-/upath-2.0.1.tgz"

util-deprecate@~1.0.1:
  version "1.0.2"
  resolved "https://registry.npmjs.org/util-deprecate/-/util-deprecate-1.0.2.tgz"

vite-plugin-vuetify@^1.0.2:
  version "1.0.2"
  resolved "https://registry.npmjs.org/vite-plugin-vuetify/-/vite-plugin-vuetify-1.0.2.tgz"
  dependencies:
    "@vuetify/loader-shared" "^1.7.1"
    debug "^4.3.3"
    upath "^2.0.1"

vite@^4.4.9:
  version "4.4.9"
  resolved "https://registry.npmjs.org/vite/-/vite-4.4.9.tgz"
  dependencies:
    esbuild "^0.18.10"
    postcss "^8.4.27"
    rollup "^3.27.1"
  optionalDependencies:
    fsevents "~2.3.2"

vue-demi@latest:
  version "0.14.6"
  resolved "https://registry.npmjs.org/vue-demi/-/vue-demi-0.14.6.tgz"

vue-pdf-embed@^1.1.6:
  version "1.1.6"
  resolved "https://registry.npmjs.org/vue-pdf-embed/-/vue-pdf-embed-1.1.6.tgz"

vue-reader@^1.2.8:
  version "1.2.8"
  resolved "https://registry.npmjs.org/vue-reader/-/vue-reader-1.2.8.tgz"
  dependencies:
    epubjs "^0.3.93"
    vue-demi latest

vue-router@4.2.4:
  version "4.2.4"
  resolved "https://registry.npmjs.org/vue-router/-/vue-router-4.2.4.tgz"
  dependencies:
    "@vue/devtools-api" "^6.5.0"

vue@^3.3.4:
  version "3.3.4"
  resolved "https://registry.npmjs.org/vue/-/vue-3.3.4.tgz"
  dependencies:
    "@vue/compiler-dom" "3.3.4"
    "@vue/compiler-sfc" "3.3.4"
    "@vue/runtime-dom" "3.3.4"
    "@vue/server-renderer" "3.3.4"
    "@vue/shared" "3.3.4"

vuetify@^3.3.13:
  version "3.3.13"
  resolved "https://registry.npmjs.org/vuetify/-/vuetify-3.3.13.tgz"

webfontloader@^1.0.0:
  version "1.6.28"
  resolved "https://registry.npmjs.org/webfontloader/-/webfontloader-1.6.28.tgz"
